github.com/lucide-icons/lucide v0.233.0 h1:8ILcGiHxIGfQGm40Kwhq+tYcJ0BSZUbrN/WO1ctsVF8=
github.com/lucide-icons/lucide v0.233.0/go.mod h1:0HX/9u6n25zuV2HgBIuqfMfDktGNXmsvYqL1cOK4aWc=
github.com/simple-icons/simple-icons v0.0.0-20230528010023-2d0fb1013a7e h1:gCsDwhBhUbXnWUIhFmRbiB/kRz0bQY4gRWjKTMyyRTo=
github.com/simple-icons/simple-icons v0.0.0-20230528010023-2d0fb1013a7e/go.mod h1:oOgUUt8yVYOso/wEBi2ojfZP2MU/xxiNccIpaE+jCvE=
github.com/twbs/bootstrap v5.3.0+incompatible h1:4+staADO0OrqUv77m+XL+vHYojLH9oxb4Vxi9mnIJWg=
github.com/twbs/bootstrap v5.3.0+incompatible/go.mod h1:fZTSrkpSf0/HkL0IIJzvVspTt1r9zuf7XlZau8kpcY0=
github.com/twbs/rfs v10.0.0+incompatible h1:lMyvQ7s06iPYrTFQrv7huR/xr9PvuSov7lA5mXtRx0A=
github.com/twbs/rfs v10.0.0+incompatible/go.mod h1:mbMdcvcjCRHHt4qGxZ2creZ2xS7uR1x1xA5b+dYgIzo=
